github.com/devcrocod/kotlin-docs-kit/packages/hugo v0.0.0-20260621234919-def8378dca04 h1:FiOKwLwvaFKabO7RMVgtW+b0tdBGBWzAMYnenx4e6Jc=
github.com/devcrocod/kotlin-docs-kit/packages/hugo v0.0.0-20260621234919-def8378dca04/go.mod h1:l/hQaa7ewMIaLeQHBkfOPvfxG896Xd0InHQncq6kjyM=
github.com/devcrocod/kotlin-docs-kit/packages/hugo v0.0.0-20260707184015-32b9a06f04ee h1:ASBrqb/Qu8BbtS4qbA1COtA2WEFWvTKXjA6Vbcm0YD0=
github.com/devcrocod/kotlin-docs-kit/packages/hugo v0.0.0-20260707184015-32b9a06f04ee/go.mod h1:l/hQaa7ewMIaLeQHBkfOPvfxG896Xd0InHQncq6kjyM=
